
Microsoft Visual Studio Solution File, Format Version 12.00
# Visual Studio Version 17
VisualStudioVersion = 17.9.34728.123
MinimumVisualStudioVersion = 10.0.40219.1
Project("{FAE04EC0-301F-11D3-BF4B-00C04F79EFBC}") = "NewCalculate", "NewCalculate.csproj", "{EDAC0801-9700-4F92-812D-9DD07882B4D5}"
EndProject
Global
	GlobalSection(SolutionConfigurationPlatforms) = preSolution
		Debug|Any CPU = Debug|Any CPU
		Release|Any CPU = Release|Any CPU
	EndGlobalSection
	GlobalSection(ProjectConfigurationPlatforms) = postSolution
		{EDAC0801-9700-4F92-812D-9DD07882B4D5}.Debug|Any CPU.ActiveCfg = Debug|Any CPU
		{EDAC0801-9700-4F92-812D-9DD07882B4D5}.Debug|Any CPU.Build.0 = Debug|Any CPU
		{EDAC0801-9700-4F92-812D-9DD07882B4D5}.Release|Any CPU.ActiveCfg = Release|Any CPU
		{EDAC0801-9700-4F92-812D-9DD07882B4D5}.Release|Any CPU.Build.0 = Release|Any CPU
	EndGlobalSection
	GlobalSection(SolutionProperties) = preSolution
		HideSolutionNode = FALSE
	EndGlobalSection
	GlobalSection(ExtensibilityGlobals) = postSolution
		SolutionGuid = {565D4505-8A25-4030-B6FD-B0C2CAD5A611}
	EndGlobalSection
EndGlobal
